{
  "requires": true,
  "lockfileVersion": 1,
  "dependencies": {
    "tachyons": {
      "version": "4.12.0",
      "resolved": "https://registry.npmjs.org/tachyons/-/tachyons-4.12.0.tgz",
      "integrity": "sha512-2nA2IrYFy3raCM9fxJ2KODRGHVSZNTW3BR0YnlGsLUf1DA3pk3YfWZ/DdfbnZK6zLZS+jUenlUGJsKcA5fUiZg=="
    },
    "tachyons-display": {
      "version": "5.0.5",
      "resolved": "https://registry.npmjs.org/tachyons-display/-/tachyons-display-5.0.5.tgz",
      "integrity": "sha512-yC9kkisV2ot2Lmjkx14B1SuiXZNM0jFG6U4xkV/PIeipneHSO2dW4vktwYx4bVAZok07k/pvUZgWZyUvmWPblQ=="
    },
    "tachyons-skins": {
      "version": "4.1.1",
      "resolved": "https://registry.npmjs.org/tachyons-skins/-/tachyons-skins-4.1.1.tgz",
      "integrity": "sha512-eo8qqF1zprSdNzmlQZtK9oHJcpmitcCm2+RD0CJJBUT2f4qlk7sbXqOT1+Nqb8WVS+4h/FTiRI6f7zcKxQkKwA=="
    },
    "tachyons-spacing": {
      "version": "6.0.5",
      "resolved": "https://registry.npmjs.org/tachyons-spacing/-/tachyons-spacing-6.0.5.tgz",
      "integrity": "sha512-910+iaZiWrNYO8r8rbiDhG2smH/ZNMNaBX03DGVft4iToaBuC8BlDGIr4um9rK9gD+DcK361Co9X8CWWoJWBxw=="
    },
    "tachyons-text-align": {
      "version": "3.1.0",
      "resolved": "https://registry.npmjs.org/tachyons-text-align/-/tachyons-text-align-3.1.0.tgz",
      "integrity": "sha512-WROqSIsUMPKZM6oeiAmcndvQjUWO+tqMiHLe9KNAci65QVgfMn7tlJXVcwqjCF8wEWs07CKIjxIL2y1uCgnhqg=="
    }
  }
}
